
Microsoft Visual Studio Solution File, Format Version 12.00
# Visual Studio 2013
VisualStudioVersion = 12.0.31101.0
MinimumVisualStudioVersion = 10.0.40219.1
Project("{FAE04EC0-301F-11D3-BF4B-00C04F79EFBC}") = "WPFDemoApp", "Demo_wpf\WPFDemoApp.csproj", "{1E53BE4C-D5A3-4572-8780-FAFEE0619D7E}"
EndProject
Project("{FAE04EC0-301F-11D3-BF4B-00C04F79EFBC}") = "WPFShaderEffectLibrary", "ShaderEffectLibrary\WPFShaderEffectLibrary.csproj", "{967D61A9-C8F0-4C2A-A784-6CDA648ECB19}"
EndProject
Project("{FAE04EC0-301F-11D3-BF4B-00C04F79EFBC}") = "WPFTransitionEffects", "TransitionEffects\WPFTransitionEffects.csproj", "{9FEDF2F2-D59E-4797-A5AE-13A25E679F6A}"
EndProject
Global
	GlobalSection(SolutionConfigurationPlatforms) = preSolution
		Debug|Any CPU = Debug|Any CPU
		Release|Any CPU = Release|Any CPU
	EndGlobalSection
	GlobalSection(ProjectConfigurationPlatforms) = postSolution
		{1E53BE4C-D5A3-4572-8780-FAFEE0619D7E}.Debug|Any CPU.ActiveCfg = Debug|Any CPU
		{1E53BE4C-D5A3-4572-8780-FAFEE0619D7E}.Debug|Any CPU.Build.0 = Debug|Any CPU
		{1E53BE4C-D5A3-4572-8780-FAFEE0619D7E}.Release|Any CPU.ActiveCfg = Release|Any CPU
		{1E53BE4C-D5A3-4572-8780-FAFEE0619D7E}.Release|Any CPU.Build.0 = Release|Any CPU
		{967D61A9-C8F0-4C2A-A784-6CDA648ECB19}.Debug|Any CPU.ActiveCfg = Debug|Any CPU
		{967D61A9-C8F0-4C2A-A784-6CDA648ECB19}.Debug|Any CPU.Build.0 = Debug|Any CPU
		{967D61A9-C8F0-4C2A-A784-6CDA648ECB19}.Release|Any CPU.ActiveCfg = Release|Any CPU
		{967D61A9-C8F0-4C2A-A784-6CDA648ECB19}.Release|Any CPU.Build.0 = Release|Any CPU
		{9FEDF2F2-D59E-4797-A5AE-13A25E679F6A}.Debug|Any CPU.ActiveCfg = Debug|Any CPU
		{9FEDF2F2-D59E-4797-A5AE-13A25E679F6A}.Debug|Any CPU.Build.0 = Debug|Any CPU
		{9FEDF2F2-D59E-4797-A5AE-13A25E679F6A}.Release|Any CPU.ActiveCfg = Release|Any CPU
		{9FEDF2F2-D59E-4797-A5AE-13A25E679F6A}.Release|Any CPU.Build.0 = Release|Any CPU
	EndGlobalSection
	GlobalSection(SolutionProperties) = preSolution
		HideSolutionNode = FALSE
	EndGlobalSection
EndGlobal
